
Microsoft Visual Studio Solution File, Format Version 12.00
# Visual Studio 14
VisualStudioVersion = 14.0.25123.0
MinimumVisualStudioVersion = 10.0.40219.1
Project("{FAE04EC0-301F-11D3-BF4B-00C04F79EFBC}") = "badpaybad.redis.sample", "badpaybad.redis.sample\badpaybad.redis.sample.csproj", "{C1EAC025-EFCE-46A2-9DCF-5DF686983B45}"
EndProject
Project("{FAE04EC0-301F-11D3-BF4B-00C04F79EFBC}") = "badpaybad.redis.repository", "badpaybad.redis.repository\badpaybad.redis.repository.csproj", "{5F3D3788-4F2A-46B6-95AE-90CAE6389CA6}"
EndProject
Project("{FAE04EC0-301F-11D3-BF4B-00C04F79EFBC}") = "badpaybad.redis.client1", "badpaybad.redis.client1\badpaybad.redis.client1.csproj", "{7C1EADA6-F1AD-47AE-9891-CB218676D404}"
EndProject
Project("{FAE04EC0-301F-11D3-BF4B-00C04F79EFBC}") = "badpaybad.redis.repositorytest", "badpaybad.redis.repositorytest\badpaybad.redis.repositorytest.csproj", "{FDB7C631-8D66-4026-A95C-E4012F2FDAFE}"
EndProject
Project("{FAE04EC0-301F-11D3-BF4B-00C04F79EFBC}") = "badpaybad.chickchat", "badpaybad.chickchat\badpaybad.chickchat.csproj", "{A8DCC001-397D-4087-9A94-8A3F2B705EEC}"
EndProject
Project("{FAE04EC0-301F-11D3-BF4B-00C04F79EFBC}") = "badpaybad.chickchatweb", "badpaybad.chickchatweb\badpaybad.chickchatweb.csproj", "{ED3FDE23-6472-4488-BE6A-76638937D093}"
EndProject
Project("{FAE04EC0-301F-11D3-BF4B-00C04F79EFBC}") = "badpaybad.chickchatandroid", "badpaybad.chickchatandroid\badpaybad.chickchatandroid.csproj", "{52DF854A-E8E7-492D-8B3E-3A3DE42E45F2}"
EndProject
Global
	GlobalSection(SolutionConfigurationPlatforms) = preSolution
		Ad-Hoc|Any CPU = Ad-Hoc|Any CPU
		Ad-Hoc|iPhone = Ad-Hoc|iPhone
		Ad-Hoc|iPhoneSimulator = Ad-Hoc|iPhoneSimulator
		AppStore|Any CPU = AppStore|Any CPU
		AppStore|iPhone = AppStore|iPhone
		AppStore|iPhoneSimulator = AppStore|iPhoneSimulator
		Debug|Any CPU = Debug|Any CPU
		Debug|iPhone = Debug|iPhone
		Debug|iPhoneSimulator = Debug|iPhoneSimulator
		Release|Any CPU = Release|Any CPU
		Release|iPhone = Release|iPhone
		Release|iPhoneSimulator = Release|iPhoneSimulator
	EndGlobalSection
	GlobalSection(ProjectConfigurationPlatforms) = postSolution
		{C1EAC025-EFCE-46A2-9DCF-5DF686983B45}.Ad-Hoc|Any CPU.ActiveCfg = Release|Any CPU
		{C1EAC025-EFCE-46A2-9DCF-5DF686983B45}.Ad-Hoc|Any CPU.Build.0 = Release|Any CPU
		{C1EAC025-EFCE-46A2-9DCF-5DF686983B45}.Ad-Hoc|iPhone.ActiveCfg = Release|Any CPU
		{C1EAC025-EFCE-46A2-9DCF-5DF686983B45}.Ad-Hoc|iPhone.Build.0 = Release|Any CPU
		{C1EAC025-EFCE-46A2-9DCF-5DF686983B45}.Ad-Hoc|iPhoneSimulator.ActiveCfg = Release|Any CPU
		{C1EAC025-EFCE-46A2-9DCF-5DF686983B45}.Ad-Hoc|iPhoneSimulator.Build.0 = Release|Any CPU
		{C1EAC025-EFCE-46A2-9DCF-5DF686983B45}.AppStore|Any CPU.ActiveCfg = Release|Any CPU
		{C1EAC025-EFCE-46A2-9DCF-5DF686983B45}.AppStore|Any CPU.Build.0 = Release|Any CPU
		{C1EAC025-EFCE-46A2-9DCF-5DF686983B45}.AppStore|iPhone.ActiveCfg = Release|Any CPU
		{C1EAC025-EFCE-46A2-9DCF-5DF686983B45}.AppStore|iPhone.Build.0 = Release|Any CPU
		{C1EAC025-EFCE-46A2-9DCF-5DF686983B45}.AppStore|iPhoneSimulator.ActiveCfg = Release|Any CPU
		{C1EAC025-EFCE-46A2-9DCF-5DF686983B45}.AppStore|iPhoneSimulator.Build.0 = Release|Any CPU
		{C1EAC025-EFCE-46A2-9DCF-5DF686983B45}.Debug|Any CPU.ActiveCfg = Debug|Any CPU
		{C1EAC025-EFCE-46A2-9DCF-5DF686983B45}.Debug|Any CPU.Build.0 = Debug|Any CPU
		{C1EAC025-EFCE-46A2-9DCF-5DF686983B45}.Debug|iPhone.ActiveCfg = Debug|Any CPU
		{C1EAC025-EFCE-46A2-9DCF-5DF686983B45}.Debug|iPhone.Build.0 = Debug|Any CPU
		{C1EAC025-EFCE-46A2-9DCF-5DF686983B45}.Debug|iPhoneSimulator.ActiveCfg = Debug|Any CPU
		{C1EAC025-EFCE-46A2-9DCF-5DF686983B45}.Debug|iPhoneSimulator.Build.0 = Debug|Any CPU
		{C1EAC025-EFCE-46A2-9DCF-5DF686983B45}.Release|Any CPU.ActiveCfg = Release|Any CPU
		{C1EAC025-EFCE-46A2-9DCF-5DF686983B45}.Release|Any CPU.Build.0 = Release|Any CPU
		{C1EAC025-EFCE-46A2-9DCF-5DF686983B45}.Release|iPhone.ActiveCfg = Release|Any CPU
		{C1EAC025-EFCE-46A2-9DCF-5DF686983B45}.Release|iPhone.Build.0 = Release|Any CPU
		{C1EAC025-EFCE-46A2-9DCF-5DF686983B45}.Release|iPhoneSimulator.ActiveCfg = Release|Any CPU
		{C1EAC025-EFCE-46A2-9DCF-5DF686983B45}.Release|iPhoneSimulator.Build.0 = Release|Any CPU
		{5F3D3788-4F2A-46B6-95AE-90CAE6389CA6}.Ad-Hoc|Any CPU.ActiveCfg = Release|Any CPU
		{5F3D3788-4F2A-46B6-95AE-90CAE6389CA6}.Ad-Hoc|Any CPU.Build.0 = Release|Any CPU
		{5F3D3788-4F2A-46B6-95AE-90CAE6389CA6}.Ad-Hoc|iPhone.ActiveCfg = Release|Any CPU
		{5F3D3788-4F2A-46B6-95AE-90CAE6389CA6}.Ad-Hoc|iPhone.Build.0 = Release|Any CPU
		{5F3D3788-4F2A-46B6-95AE-90CAE6389CA6}.Ad-Hoc|iPhoneSimulator.ActiveCfg = Release|Any CPU
		{5F3D3788-4F2A-46B6-95AE-90CAE6389CA6}.Ad-Hoc|iPhoneSimulator.Build.0 = Release|Any CPU
		{5F3D3788-4F2A-46B6-95AE-90CAE6389CA6}.AppStore|Any CPU.ActiveCfg = Release|Any CPU
		{5F3D3788-4F2A-46B6-95AE-90CAE6389CA6}.AppStore|Any CPU.Build.0 = Release|Any CPU
		{5F3D3788-4F2A-46B6-95AE-90CAE6389CA6}.AppStore|iPhone.ActiveCfg = Release|Any CPU
		{5F3D3788-4F2A-46B6-95AE-90CAE6389CA6}.AppStore|iPhone.Build.0 = Release|Any CPU
		{5F3D3788-4F2A-46B6-95AE-90CAE6389CA6}.AppStore|iPhoneSimulator.ActiveCfg = Release|Any CPU
		{5F3D3788-4F2A-46B6-95AE-90CAE6389CA6}.AppStore|iPhoneSimulator.Build.0 = Release|Any CPU
		{5F3D3788-4F2A-46B6-95AE-90CAE6389CA6}.Debug|Any CPU.ActiveCfg = Debug|Any CPU
		{5F3D3788-4F2A-46B6-95AE-90CAE6389CA6}.Debug|Any CPU.Build.0 = Debug|Any CPU
		{5F3D3788-4F2A-46B6-95AE-90CAE6389CA6}.Debug|iPhone.ActiveCfg = Debug|Any CPU
		{5F3D3788-4F2A-46B6-95AE-90CAE6389CA6}.Debug|iPhone.Build.0 = Debug|Any CPU
		{5F3D3788-4F2A-46B6-95AE-90CAE6389CA6}.Debug|iPhoneSimulator.ActiveCfg = Debug|Any CPU
		{5F3D3788-4F2A-46B6-95AE-90CAE6389CA6}.Debug|iPhoneSimulator.Build.0 = Debug|Any CPU
		{5F3D3788-4F2A-46B6-95AE-90CAE6389CA6}.Release|Any CPU.ActiveCfg = Release|Any CPU
		{5F3D3788-4F2A-46B6-95AE-90CAE6389CA6}.Release|Any CPU.Build.0 = Release|Any CPU
		{5F3D3788-4F2A-46B6-95AE-90CAE6389CA6}.Release|iPhone.ActiveCfg = Release|Any CPU
		{5F3D3788-4F2A-46B6-95AE-90CAE6389CA6}.Release|iPhone.Build.0 = Release|Any CPU
		{5F3D3788-4F2A-46B6-95AE-90CAE6389CA6}.Release|iPhoneSimulator.ActiveCfg = Release|Any CPU
		{5F3D3788-4F2A-46B6-95AE-90CAE6389CA6}.Release|iPhoneSimulator.Build.0 = Release|Any CPU
		{7C1EADA6-F1AD-47AE-9891-CB218676D404}.Ad-Hoc|Any CPU.ActiveCfg = Release|Any CPU
		{7C1EADA6-F1AD-47AE-9891-CB218676D404}.Ad-Hoc|Any CPU.Build.0 = Release|Any CPU
		{7C1EADA6-F1AD-47AE-9891-CB218676D404}.Ad-Hoc|iPhone.ActiveCfg = Release|Any CPU
		{7C1EADA6-F1AD-47AE-9891-CB218676D404}.Ad-Hoc|iPhone.Build.0 = Release|Any CPU
		{7C1EADA6-F1AD-47AE-9891-CB218676D404}.Ad-Hoc|iPhoneSimulator.ActiveCfg = Release|Any CPU
		{7C1EADA6-F1AD-47AE-9891-CB218676D404}.Ad-Hoc|iPhoneSimulator.Build.0 = Release|Any CPU
		{7C1EADA6-F1AD-47AE-9891-CB218676D404}.AppStore|Any CPU.ActiveCfg = Release|Any CPU
		{7C1EADA6-F1AD-47AE-9891-CB218676D404}.AppStore|Any CPU.Build.0 = Release|Any CPU
		{7C1EADA6-F1AD-47AE-9891-CB218676D404}.AppStore|iPhone.ActiveCfg = Release|Any CPU
		{7C1EADA6-F1AD-47AE-9891-CB218676D404}.AppStore|iPhone.Build.0 = Release|Any CPU
		{7C1EADA6-F1AD-47AE-9891-CB218676D404}.AppStore|iPhoneSimulator.ActiveCfg = Release|Any CPU
		{7C1EADA6-F1AD-47AE-9891-CB218676D404}.AppStore|iPhoneSimulator.Build.0 = Release|Any CPU
		{7C1EADA6-F1AD-47AE-9891-CB218676D404}.Debug|Any CPU.ActiveCfg = Debug|Any CPU
		{7C1EADA6-F1AD-47AE-9891-CB218676D404}.Debug|Any CPU.Build.0 = Debug|Any CPU
		{7C1EADA6-F1AD-47AE-9891-CB218676D404}.Debug|iPhone.ActiveCfg = Debug|Any CPU
		{7C1EADA6-F1AD-47AE-9891-CB218676D404}.Debug|iPhone.Build.0 = Debug|Any CPU
		{7C1EADA6-F1AD-47AE-9891-CB218676D404}.Debug|iPhoneSimulator.ActiveCfg = Debug|Any CPU
		{7C1EADA6-F1AD-47AE-9891-CB218676D404}.Debug|iPhoneSimulator.Build.0 = Debug|Any CPU
		{7C1EADA6-F1AD-47AE-9891-CB218676D404}.Release|Any CPU.ActiveCfg = Release|Any CPU
		{7C1EADA6-F1AD-47AE-9891-CB218676D404}.Release|Any CPU.Build.0 = Release|Any CPU
		{7C1EADA6-F1AD-47AE-9891-CB218676D404}.Release|iPhone.ActiveCfg = Release|Any CPU
		{7C1EADA6-F1AD-47AE-9891-CB218676D404}.Release|iPhone.Build.0 = Release|Any CPU
		{7C1EADA6-F1AD-47AE-9891-CB218676D404}.Release|iPhoneSimulator.ActiveCfg = Release|Any CPU
		{7C1EADA6-F1AD-47AE-9891-CB218676D404}.Release|iPhoneSimulator.Build.0 = Release|Any CPU
		{FDB7C631-8D66-4026-A95C-E4012F2FDAFE}.Ad-Hoc|Any CPU.ActiveCfg = Release|Any CPU
		{FDB7C631-8D66-4026-A95C-E4012F2FDAFE}.Ad-Hoc|Any CPU.Build.0 = Release|Any CPU
		{FDB7C631-8D66-4026-A95C-E4012F2FDAFE}.Ad-Hoc|iPhone.ActiveCfg = Release|Any CPU
		{FDB7C631-8D66-4026-A95C-E4012F2FDAFE}.Ad-Hoc|iPhone.Build.0 = Release|Any CPU
		{FDB7C631-8D66-4026-A95C-E4012F2FDAFE}.Ad-Hoc|iPhoneSimulator.ActiveCfg = Release|Any CPU
		{FDB7C631-8D66-4026-A95C-E4012F2FDAFE}.Ad-Hoc|iPhoneSimulator.Build.0 = Release|Any CPU
		{FDB7C631-8D66-4026-A95C-E4012F2FDAFE}.AppStore|Any CPU.ActiveCfg = Release|Any CPU
		{FDB7C631-8D66-4026-A95C-E4012F2FDAFE}.AppStore|Any CPU.Build.0 = Release|Any CPU
		{FDB7C631-8D66-4026-A95C-E4012F2FDAFE}.AppStore|iPhone.ActiveCfg = Release|Any CPU
		{FDB7C631-8D66-4026-A95C-E4012F2FDAFE}.AppStore|iPhone.Build.0 = Release|Any CPU
		{FDB7C631-8D66-4026-A95C-E4012F2FDAFE}.AppStore|iPhoneSimulator.ActiveCfg = Release|Any CPU
		{FDB7C631-8D66-4026-A95C-E4012F2FDAFE}.AppStore|iPhoneSimulator.Build.0 = Release|Any CPU
		{FDB7C631-8D66-4026-A95C-E4012F2FDAFE}.Debug|Any CPU.ActiveCfg = Debug|Any CPU
		{FDB7C631-8D66-4026-A95C-E4012F2FDAFE}.Debug|Any CPU.Build.0 = Debug|Any CPU
		{FDB7C631-8D66-4026-A95C-E4012F2FDAFE}.Debug|iPhone.ActiveCfg = Debug|Any CPU
		{FDB7C631-8D66-4026-A95C-E4012F2FDAFE}.Debug|iPhone.Build.0 = Debug|Any CPU
		{FDB7C631-8D66-4026-A95C-E4012F2FDAFE}.Debug|iPhoneSimulator.ActiveCfg = Debug|Any CPU
		{FDB7C631-8D66-4026-A95C-E4012F2FDAFE}.Debug|iPhoneSimulator.Build.0 = Debug|Any CPU
		{FDB7C631-8D66-4026-A95C-E4012F2FDAFE}.Release|Any CPU.ActiveCfg = Release|Any CPU
		{FDB7C631-8D66-4026-A95C-E4012F2FDAFE}.Release|Any CPU.Build.0 = Release|Any CPU
		{FDB7C631-8D66-4026-A95C-E4012F2FDAFE}.Release|iPhone.ActiveCfg = Release|Any CPU
		{FDB7C631-8D66-4026-A95C-E4012F2FDAFE}.Release|iPhone.Build.0 = Release|Any CPU
		{FDB7C631-8D66-4026-A95C-E4012F2FDAFE}.Release|iPhoneSimulator.ActiveCfg = Release|Any CPU
		{FDB7C631-8D66-4026-A95C-E4012F2FDAFE}.Release|iPhoneSimulator.Build.0 = Release|Any CPU
		{A8DCC001-397D-4087-9A94-8A3F2B705EEC}.Ad-Hoc|Any CPU.ActiveCfg = Release|Any CPU
		{A8DCC001-397D-4087-9A94-8A3F2B705EEC}.Ad-Hoc|Any CPU.Build.0 = Release|Any CPU
		{A8DCC001-397D-4087-9A94-8A3F2B705EEC}.Ad-Hoc|iPhone.ActiveCfg = Release|Any CPU
		{A8DCC001-397D-4087-9A94-8A3F2B705EEC}.Ad-Hoc|iPhone.Build.0 = Release|Any CPU
		{A8DCC001-397D-4087-9A94-8A3F2B705EEC}.Ad-Hoc|iPhoneSimulator.ActiveCfg = Release|Any CPU
		{A8DCC001-397D-4087-9A94-8A3F2B705EEC}.Ad-Hoc|iPhoneSimulator.Build.0 = Release|Any CPU
		{A8DCC001-397D-4087-9A94-8A3F2B705EEC}.AppStore|Any CPU.ActiveCfg = Release|Any CPU
		{A8DCC001-397D-4087-9A94-8A3F2B705EEC}.AppStore|Any CPU.Build.0 = Release|Any CPU
		{A8DCC001-397D-4087-9A94-8A3F2B705EEC}.AppStore|iPhone.ActiveCfg = Release|Any CPU
		{A8DCC001-397D-4087-9A94-8A3F2B705EEC}.AppStore|iPhone.Build.0 = Release|Any CPU
		{A8DCC001-397D-4087-9A94-8A3F2B705EEC}.AppStore|iPhoneSimulator.ActiveCfg = Release|Any CPU
		{A8DCC001-397D-4087-9A94-8A3F2B705EEC}.AppStore|iPhoneSimulator.Build.0 = Release|Any CPU
		{A8DCC001-397D-4087-9A94-8A3F2B705EEC}.Debug|Any CPU.ActiveCfg = Debug|Any CPU
		{A8DCC001-397D-4087-9A94-8A3F2B705EEC}.Debug|Any CPU.Build.0 = Debug|Any CPU
		{A8DCC001-397D-4087-9A94-8A3F2B705EEC}.Debug|iPhone.ActiveCfg = Debug|Any CPU
		{A8DCC001-397D-4087-9A94-8A3F2B705EEC}.Debug|iPhone.Build.0 = Debug|Any CPU
		{A8DCC001-397D-4087-9A94-8A3F2B705EEC}.Debug|iPhoneSimulator.ActiveCfg = Debug|Any CPU
		{A8DCC001-397D-4087-9A94-8A3F2B705EEC}.Debug|iPhoneSimulator.Build.0 = Debug|Any CPU
		{A8DCC001-397D-4087-9A94-8A3F2B705EEC}.Release|Any CPU.ActiveCfg = Release|Any CPU
		{A8DCC001-397D-4087-9A94-8A3F2B705EEC}.Release|Any CPU.Build.0 = Release|Any CPU
		{A8DCC001-397D-4087-9A94-8A3F2B705EEC}.Release|iPhone.ActiveCfg = Release|Any CPU
		{A8DCC001-397D-4087-9A94-8A3F2B705EEC}.Release|iPhone.Build.0 = Release|Any CPU
		{A8DCC001-397D-4087-9A94-8A3F2B705EEC}.Release|iPhoneSimulator.ActiveCfg = Release|Any CPU
		{A8DCC001-397D-4087-9A94-8A3F2B705EEC}.Release|iPhoneSimulator.Build.0 = Release|Any CPU
		{ED3FDE23-6472-4488-BE6A-76638937D093}.Ad-Hoc|Any CPU.ActiveCfg = Release|Any CPU
		{ED3FDE23-6472-4488-BE6A-76638937D093}.Ad-Hoc|Any CPU.Build.0 = Release|Any CPU
		{ED3FDE23-6472-4488-BE6A-76638937D093}.Ad-Hoc|iPhone.ActiveCfg = Release|Any CPU
		{ED3FDE23-6472-4488-BE6A-76638937D093}.Ad-Hoc|iPhone.Build.0 = Release|Any CPU
		{ED3FDE23-6472-4488-BE6A-76638937D093}.Ad-Hoc|iPhoneSimulator.ActiveCfg = Release|Any CPU
		{ED3FDE23-6472-4488-BE6A-76638937D093}.Ad-Hoc|iPhoneSimulator.Build.0 = Release|Any CPU
		{ED3FDE23-6472-4488-BE6A-76638937D093}.AppStore|Any CPU.ActiveCfg = Release|Any CPU
		{ED3FDE23-6472-4488-BE6A-76638937D093}.AppStore|Any CPU.Build.0 = Release|Any CPU
		{ED3FDE23-6472-4488-BE6A-76638937D093}.AppStore|iPhone.ActiveCfg = Release|Any CPU
		{ED3FDE23-6472-4488-BE6A-76638937D093}.AppStore|iPhone.Build.0 = Release|Any CPU
		{ED3FDE23-6472-4488-BE6A-76638937D093}.AppStore|iPhoneSimulator.ActiveCfg = Release|Any CPU
		{ED3FDE23-6472-4488-BE6A-76638937D093}.AppStore|iPhoneSimulator.Build.0 = Release|Any CPU
		{ED3FDE23-6472-4488-BE6A-76638937D093}.Debug|Any CPU.ActiveCfg = Debug|Any CPU
		{ED3FDE23-6472-4488-BE6A-76638937D093}.Debug|Any CPU.Build.0 = Debug|Any CPU
		{ED3FDE23-6472-4488-BE6A-76638937D093}.Debug|iPhone.ActiveCfg = Debug|Any CPU
		{ED3FDE23-6472-4488-BE6A-76638937D093}.Debug|iPhone.Build.0 = Debug|Any CPU
		{ED3FDE23-6472-4488-BE6A-76638937D093}.Debug|iPhoneSimulator.ActiveCfg = Debug|Any CPU
		{ED3FDE23-6472-4488-BE6A-76638937D093}.Debug|iPhoneSimulator.Build.0 = Debug|Any CPU
		{ED3FDE23-6472-4488-BE6A-76638937D093}.Release|Any CPU.ActiveCfg = Release|Any CPU
		{ED3FDE23-6472-4488-BE6A-76638937D093}.Release|Any CPU.Build.0 = Release|Any CPU
		{ED3FDE23-6472-4488-BE6A-76638937D093}.Release|iPhone.ActiveCfg = Release|Any CPU
		{ED3FDE23-6472-4488-BE6A-76638937D093}.Release|iPhone.Build.0 = Release|Any CPU
		{ED3FDE23-6472-4488-BE6A-76638937D093}.Release|iPhoneSimulator.ActiveCfg = Release|Any CPU
		{ED3FDE23-6472-4488-BE6A-76638937D093}.Release|iPhoneSimulator.Build.0 = Release|Any CPU
		{52DF854A-E8E7-492D-8B3E-3A3DE42E45F2}.Ad-Hoc|Any CPU.ActiveCfg = Release|Any CPU
		{52DF854A-E8E7-492D-8B3E-3A3DE42E45F2}.Ad-Hoc|Any CPU.Build.0 = Release|Any CPU
		{52DF854A-E8E7-492D-8B3E-3A3DE42E45F2}.Ad-Hoc|Any CPU.Deploy.0 = Release|Any CPU
		{52DF854A-E8E7-492D-8B3E-3A3DE42E45F2}.Ad-Hoc|iPhone.ActiveCfg = Release|Any CPU
		{52DF854A-E8E7-492D-8B3E-3A3DE42E45F2}.Ad-Hoc|iPhone.Build.0 = Release|Any CPU
		{52DF854A-E8E7-492D-8B3E-3A3DE42E45F2}.Ad-Hoc|iPhone.Deploy.0 = Release|Any CPU
		{52DF854A-E8E7-492D-8B3E-3A3DE42E45F2}.Ad-Hoc|iPhoneSimulator.ActiveCfg = Release|Any CPU
		{52DF854A-E8E7-492D-8B3E-3A3DE42E45F2}.Ad-Hoc|iPhoneSimulator.Build.0 = Release|Any CPU
		{52DF854A-E8E7-492D-8B3E-3A3DE42E45F2}.Ad-Hoc|iPhoneSimulator.Deploy.0 = Release|Any CPU
		{52DF854A-E8E7-492D-8B3E-3A3DE42E45F2}.AppStore|Any CPU.ActiveCfg = Release|Any CPU
		{52DF854A-E8E7-492D-8B3E-3A3DE42E45F2}.AppStore|Any CPU.Build.0 = Release|Any CPU
		{52DF854A-E8E7-492D-8B3E-3A3DE42E45F2}.AppStore|Any CPU.Deploy.0 = Release|Any CPU
		{52DF854A-E8E7-492D-8B3E-3A3DE42E45F2}.AppStore|iPhone.ActiveCfg = Release|Any CPU
		{52DF854A-E8E7-492D-8B3E-3A3DE42E45F2}.AppStore|iPhone.Build.0 = Release|Any CPU
		{52DF854A-E8E7-492D-8B3E-3A3DE42E45F2}.AppStore|iPhone.Deploy.0 = Release|Any CPU
		{52DF854A-E8E7-492D-8B3E-3A3DE42E45F2}.AppStore|iPhoneSimulator.ActiveCfg = Release|Any CPU
		{52DF854A-E8E7-492D-8B3E-3A3DE42E45F2}.AppStore|iPhoneSimulator.Build.0 = Release|Any CPU
		{52DF854A-E8E7-492D-8B3E-3A3DE42E45F2}.AppStore|iPhoneSimulator.Deploy.0 = Release|Any CPU
		{52DF854A-E8E7-492D-8B3E-3A3DE42E45F2}.Debug|Any CPU.ActiveCfg = Debug|Any CPU
		{52DF854A-E8E7-492D-8B3E-3A3DE42E45F2}.Debug|Any CPU.Build.0 = Debug|Any CPU
		{52DF854A-E8E7-492D-8B3E-3A3DE42E45F2}.Debug|Any CPU.Deploy.0 = Debug|Any CPU
		{52DF854A-E8E7-492D-8B3E-3A3DE42E45F2}.Debug|iPhone.ActiveCfg = Debug|Any CPU
		{52DF854A-E8E7-492D-8B3E-3A3DE42E45F2}.Debug|iPhone.Build.0 = Debug|Any CPU
		{52DF854A-E8E7-492D-8B3E-3A3DE42E45F2}.Debug|iPhone.Deploy.0 = Debug|Any CPU
		{52DF854A-E8E7-492D-8B3E-3A3DE42E45F2}.Debug|iPhoneSimulator.ActiveCfg = Debug|Any CPU
		{52DF854A-E8E7-492D-8B3E-3A3DE42E45F2}.Debug|iPhoneSimulator.Build.0 = Debug|Any CPU
		{52DF854A-E8E7-492D-8B3E-3A3DE42E45F2}.Debug|iPhoneSimulator.Deploy.0 = Debug|Any CPU
		{52DF854A-E8E7-492D-8B3E-3A3DE42E45F2}.Release|Any CPU.ActiveCfg = Release|Any CPU
		{52DF854A-E8E7-492D-8B3E-3A3DE42E45F2}.Release|Any CPU.Build.0 = Release|Any CPU
		{52DF854A-E8E7-492D-8B3E-3A3DE42E45F2}.Release|Any CPU.Deploy.0 = Release|Any CPU
		{52DF854A-E8E7-492D-8B3E-3A3DE42E45F2}.Release|iPhone.ActiveCfg = Release|Any CPU
		{52DF854A-E8E7-492D-8B3E-3A3DE42E45F2}.Release|iPhone.Build.0 = Release|Any CPU
		{52DF854A-E8E7-492D-8B3E-3A3DE42E45F2}.Release|iPhone.Deploy.0 = Release|Any CPU
		{52DF854A-E8E7-492D-8B3E-3A3DE42E45F2}.Release|iPhoneSimulator.ActiveCfg = Release|Any CPU
		{52DF854A-E8E7-492D-8B3E-3A3DE42E45F2}.Release|iPhoneSimulator.Build.0 = Release|Any CPU
		{52DF854A-E8E7-492D-8B3E-3A3DE42E45F2}.Release|iPhoneSimulator.Deploy.0 = Release|Any CPU
	EndGlobalSection
	GlobalSection(SolutionProperties) = preSolution
		HideSolutionNode = FALSE
	EndGlobalSection
EndGlobal
